
Microsoft Visual Studio Solution File, Format Version 12.00
# Visual Studio Version 16
VisualStudioVersion = 16.0.29324.140
MinimumVisualStudioVersion = 10.0.40219.1
Project("{8BC9CEB8-8B4A-11D0-8D11-00A0C91BC942}") = "Engine", "Engine\Engine.vcxproj", "{04B9E701-DCC6-41B3-9576-A6169B86BE15}"
EndProject
Project("{8BC9CEB8-8B4A-11D0-8D11-00A0C91BC942}") = "Game", "Game\Game.vcxproj", "{61B70EA3-9DCB-498F-9616-1313C58168EB}"
	ProjectSection(ProjectDependencies) = postProject
		{04B9E701-DCC6-41B3-9576-A6169B86BE15} = {04B9E701-DCC6-41B3-9576-A6169B86BE15}
	EndProjectSection
EndProject
Project("{8BC9CEB8-8B4A-11D0-8D11-00A0C91BC942}") = "EngineUnitTests", "EngineUnitTests\EngineUnitTests.vcxproj", "{BAA18C1A-A882-4138-939B-2F427B00451B}"
EndProject
Global
	GlobalSection(SolutionConfigurationPlatforms) = preSolution
		Debug - OpenGL|x64 = Debug - OpenGL|x64
		Debug - OpenGL|x86 = Debug - OpenGL|x86
		Debug|x64 = Debug|x64
		Debug|x86 = Debug|x86
		Release|x64 = Release|x64
		Release|x86 = Release|x86
	EndGlobalSection
	GlobalSection(ProjectConfigurationPlatforms) = postSolution
		{04B9E701-DCC6-41B3-9576-A6169B86BE15}.Debug - OpenGL|x64.ActiveCfg = Debug - OpenGL|x64
		{04B9E701-DCC6-41B3-9576-A6169B86BE15}.Debug - OpenGL|x64.Build.0 = Debug - OpenGL|x64
		{04B9E701-DCC6-41B3-9576-A6169B86BE15}.Debug - OpenGL|x86.ActiveCfg = Debug|Win32
		{04B9E701-DCC6-41B3-9576-A6169B86BE15}.Debug - OpenGL|x86.Build.0 = Debug|Win32
		{04B9E701-DCC6-41B3-9576-A6169B86BE15}.Debug|x64.ActiveCfg = Debug|x64
		{04B9E701-DCC6-41B3-9576-A6169B86BE15}.Debug|x64.Build.0 = Debug|x64
		{04B9E701-DCC6-41B3-9576-A6169B86BE15}.Debug|x86.ActiveCfg = Debug|Win32
		{04B9E701-DCC6-41B3-9576-A6169B86BE15}.Debug|x86.Build.0 = Debug|Win32
		{04B9E701-DCC6-41B3-9576-A6169B86BE15}.Release|x64.ActiveCfg = Release|x64
		{04B9E701-DCC6-41B3-9576-A6169B86BE15}.Release|x64.Build.0 = Release|x64
		{04B9E701-DCC6-41B3-9576-A6169B86BE15}.Release|x86.ActiveCfg = Release|Win32
		{04B9E701-DCC6-41B3-9576-A6169B86BE15}.Release|x86.Build.0 = Release|Win32
		{61B70EA3-9DCB-498F-9616-1313C58168EB}.Debug - OpenGL|x64.ActiveCfg = Debug - OpenGL|x64
		{61B70EA3-9DCB-498F-9616-1313C58168EB}.Debug - OpenGL|x64.Build.0 = Debug - OpenGL|x64
		{61B70EA3-9DCB-498F-9616-1313C58168EB}.Debug - OpenGL|x86.ActiveCfg = Debug - OpenGL|Win32
		{61B70EA3-9DCB-498F-9616-1313C58168EB}.Debug - OpenGL|x86.Build.0 = Debug - OpenGL|Win32
		{61B70EA3-9DCB-498F-9616-1313C58168EB}.Debug|x64.ActiveCfg = Debug|x64
		{61B70EA3-9DCB-498F-9616-1313C58168EB}.Debug|x64.Build.0 = Debug|x64
		{61B70EA3-9DCB-498F-9616-1313C58168EB}.Debug|x86.ActiveCfg = Debug|Win32
		{61B70EA3-9DCB-498F-9616-1313C58168EB}.Debug|x86.Build.0 = Debug|Win32
		{61B70EA3-9DCB-498F-9616-1313C58168EB}.Release|x64.ActiveCfg = Release|x64
		{61B70EA3-9DCB-498F-9616-1313C58168EB}.Release|x64.Build.0 = Release|x64
		{61B70EA3-9DCB-498F-9616-1313C58168EB}.Release|x86.ActiveCfg = Release|Win32
		{61B70EA3-9DCB-498F-9616-1313C58168EB}.Release|x86.Build.0 = Release|Win32
		{BAA18C1A-A882-4138-939B-2F427B00451B}.Debug - OpenGL|x64.ActiveCfg = Debug - OpenGL|x64
		{BAA18C1A-A882-4138-939B-2F427B00451B}.Debug - OpenGL|x64.Build.0 = Debug - OpenGL|x64
		{BAA18C1A-A882-4138-939B-2F427B00451B}.Debug - OpenGL|x86.ActiveCfg = Debug|Win32
		{BAA18C1A-A882-4138-939B-2F427B00451B}.Debug - OpenGL|x86.Build.0 = Debug|Win32
		{BAA18C1A-A882-4138-939B-2F427B00451B}.Debug|x64.ActiveCfg = Debug|x64
		{BAA18C1A-A882-4138-939B-2F427B00451B}.Debug|x64.Build.0 = Debug|x64
		{BAA18C1A-A882-4138-939B-2F427B00451B}.Debug|x86.ActiveCfg = Debug|Win32
		{BAA18C1A-A882-4138-939B-2F427B00451B}.Debug|x86.Build.0 = Debug|Win32
		{BAA18C1A-A882-4138-939B-2F427B00451B}.Release|x64.ActiveCfg = Release|x64
		{BAA18C1A-A882-4138-939B-2F427B00451B}.Release|x64.Build.0 = Release|x64
		{BAA18C1A-A882-4138-939B-2F427B00451B}.Release|x86.ActiveCfg = Release|Win32
		{BAA18C1A-A882-4138-939B-2F427B00451B}.Release|x86.Build.0 = Release|Win32
	EndGlobalSection
	GlobalSection(SolutionProperties) = preSolution
		HideSolutionNode = FALSE
	EndGlobalSection
	GlobalSection(ExtensibilityGlobals) = postSolution
		SolutionGuid = {F63E1882-2F7D-45F3-8A56-6278E2CAA6C2}
	EndGlobalSection
EndGlobal
