<?xml version="1.0" encoding="utf-8"?>
<Project ToolsVersion="4.0" xmlns="http://schemas.microsoft.com/developer/msbuild/2003">
  <ItemGroup>
    <Filter Include="Source Files">
      <UniqueIdentifier>{4FC737F1-C7A5-4376-A066-2A32D752A2FF}</UniqueIdentifier>
      <Extensions>cpp;c;cc;cxx;def;odl;idl;hpj;bat;asm;asmx</Extensions>
    </Filter>
    <Filter Include="Header Files">
      <UniqueIdentifier>{93995380-89BD-4b04-88EB-625FBE52EBFB}</UniqueIdentifier>
      <Extensions>h;hh;hpp;hxx;hm;inl;inc;xsd</Extensions>
    </Filter>
    <Filter Include="Resource Files">
      <UniqueIdentifier>{67DA6AB6-F800-4c08-8B7A-83BB121AAD01}</UniqueIdentifier>
      <Extensions>rc;ico;cur;bmp;dlg;rc2;rct;bin;rgs;gif;jpg;jpeg;jpe;resx;tiff;tif;png;wav;mfcribbon-ms</Extensions>
    </Filter>
    <Filter Include="Source Files\Objects">
      <UniqueIdentifier>{251160b2-303b-4d7d-b1b1-a089ef1d0e0d}</UniqueIdentifier>
    </Filter>
    <Filter Include="Source Files\Managers">
      <UniqueIdentifier>{cba7a279-9619-42cb-b216-938ac3b75238}</UniqueIdentifier>
    </Filter>
    <Filter Include="Source Files\Systems">
      <UniqueIdentifier>{cf7a62eb-940c-451c-b258-9aaa244a6027}</UniqueIdentifier>
    </Filter>
    <Filter Include="Source Files\Components">
      <UniqueIdentifier>{361da901-c811-47c1-9e14-568e73864c1b}</UniqueIdentifier>
    </Filter>
    <Filter Include="Source Files\Scenes">
      <UniqueIdentifier>{15da2f49-5e71-413c-8431-cb3696458f8a}</UniqueIdentifier>
    </Filter>
    <Filter Include="Header Files\Managers">
      <UniqueIdentifier>{641b4827-ffd3-427d-b26c-d6698a6b2b51}</UniqueIdentifier>
    </Filter>
    <Filter Include="Header Files\Components">
      <UniqueIdentifier>{9965a230-6ead-4ace-aa1f-c700fada21dd}</UniqueIdentifier>
    </Filter>
    <Filter Include="Header Files\Objects">
      <UniqueIdentifier>{b87e658d-4ea5-4d46-9d9e-ee77d63b7e85}</UniqueIdentifier>
    </Filter>
    <Filter Include="Header Files\Scenes">
      <UniqueIdentifier>{eecefc44-c1d2-44a8-aca0-cf284cd29af5}</UniqueIdentifier>
    </Filter>
    <Filter Include="Header Files\Systems">
      <UniqueIdentifier>{888bebf3-5ba0-45d1-b559-b8d562f9c91c}</UniqueIdentifier>
    </Filter>
    <Filter Include="Resource Files\Shaders">
      <UniqueIdentifier>{829c583a-dd8b-44a0-84a9-db25a38329f4}</UniqueIdentifier>
    </Filter>
    <Filter Include="Header Files\Messages">
      <UniqueIdentifier>{28b8d961-098d-47f4-bcb4-3ea7d0e291b1}</UniqueIdentifier>
    </Filter>
    <Filter Include="Source Files\Messages">
      <UniqueIdentifier>{d0f18a1f-2d51-48bf-b789-a867f14a096e}</UniqueIdentifier>
    </Filter>
    <Filter Include="Header Files\Resource">
      <UniqueIdentifier>{73a004ff-88df-4561-95cf-dfd4baa2eb4a}</UniqueIdentifier>
    </Filter>
    <Filter Include="Source Files\Resource">
      <UniqueIdentifier>{0d3f6e4b-bbec-4c6d-99f2-51afd8b94a52}</UniqueIdentifier>
    </Filter>
  </ItemGroup>
  <ItemGroup>
    <ClCompile Include="main.cpp">
      <Filter>Source Files</Filter>
    </ClCompile>
    <ClCompile Include="Engine.cpp">
      <Filter>Source Files</Filter>
    </ClCompile>
    <ClCompile Include="Managers\RenderManager.cpp">
      <Filter>Source Files</Filter>
    </ClCompile>
    <ClCompile Include="Managers\SceneManager.cpp">
      <Filter>Source Files</Filter>
    </ClCompile>
    <ClCompile Include="Objects\Entity.cpp">
      <Filter>Source Files</Filter>
    </ClCompile>
    <ClCompile Include="Objects\Texture.cpp">
      <Filter>Source Files</Filter>
    </ClCompile>
    <ClCompile Include="Scenes\IScene.cpp">
      <Filter>Source Files</Filter>
    </ClCompile>
    <ClCompile Include="IO\Mouse.cpp">
      <Filter>Source Files</Filter>
    </ClCompile>
    <ClCompile Include="IO\Keyboard.cpp">
      <Filter>Source Files</Filter>
    </ClCompile>
    <ClCompile Include="Managers\ResourceManager.cpp">
      <Filter>Source Files</Filter>
    </ClCompile>
    <ClCompile Include="Components\ComponentTransform.cpp">
      <Filter>Source Files</Filter>
    </ClCompile>
    <ClCompile Include="Managers\ComponentManager.cpp">
      <Filter>Source Files</Filter>
    </ClCompile>
    <ClCompile Include="Managers\EntityManager.cpp">
      <Filter>Source Files</Filter>
    </ClCompile>
    <ClCompile Include="Components\ComponentTexture.cpp">
      <Filter>Source Files</Filter>
    </ClCompile>
    <ClCompile Include="glad.c">
      <Filter>Source Files</Filter>
    </ClCompile>
    <ClCompile Include="Objects\Geometry.cpp">
      <Filter>Source Files</Filter>
    </ClCompile>
    <ClCompile Include="Scenes\DefaultScene.cpp">
      <Filter>Source Files</Filter>
    </ClCompile>
    <ClCompile Include="Objects\Camera.cpp">
      <Filter>Source Files</Filter>
    </ClCompile>
    <ClCompile Include="Managers\MessageManager.cpp">
      <Filter>Source Files</Filter>
    </ClCompile>
    <ClCompile Include="Managers\SystemManager.cpp">
      <Filter>Source Files</Filter>
    </ClCompile>
    <ClCompile Include="Managers\CollisionManager.cpp">
      <Filter>Source Files</Filter>
    </ClCompile>
    <ClCompile Include="Externals\Components\ComponentPhysics.cpp">
      <Filter>Source Files</Filter>
    </ClCompile>
    <ClCompile Include="Externals\Systems\SystemPhysics.cpp">
      <Filter>Source Files</Filter>
    </ClCompile>
    <ClCompile Include="Externals\Scenes\TestScene.cpp">
      <Filter>Source Files</Filter>
    </ClCompile>
    <ClCompile Include="Externals\Buffers\GLBufferID.cpp">
      <Filter>Source Files</Filter>
    </ClCompile>
    <ClCompile Include="Externals\Assets\Shaders\ShaderGLSL.cpp">
      <Filter>Source Files</Filter>
    </ClCompile>
    <ClCompile Include="Externals\Implementations\ResourceLoader.cpp">
      <Filter>Source Files</Filter>
    </ClCompile>
    <ClCompile Include="Externals\Implementations\RendererGL.cpp">
      <Filter>Source Files</Filter>
    </ClCompile>
    <ClCompile Include="Externals\Implementations\OpenGLModel.cpp">
      <Filter>Source Files</Filter>
    </ClCompile>
    <ClCompile Include="Externals\Components\ComponentModelGL.cpp">
      <Filter>Source Files</Filter>
    </ClCompile>
    <ClCompile Include="Externals\Implementations\CollisionDetector.cpp">
      <Filter>Source Files</Filter>
    </ClCompile>
    <ClCompile Include="Externals\Implementations\CollisionResponder.cpp">
      <Filter>Source Files</Filter>
    </ClCompile>
    <ClCompile Include="Components\ComponentCollider.h">
      <Filter>Source Files</Filter>
    </ClCompile>
    <ClCompile Include="Externals\Components\ComponentBoxCollider.cpp">
      <Filter>Source Files</Filter>
    </ClCompile>
    <ClCompile Include="Externals\Components\ComponentSphereCollider.cpp">
      <Filter>Source Files</Filter>
    </ClCompile>
    <ClCompile Include="Components\ComponentCollider.cpp">
      <Filter>Source Files</Filter>
    </ClCompile>
    <ClCompile Include="Externals\Implementations\CollisionManifold.cpp">
      <Filter>Source Files</Filter>
    </ClCompile>
    <ClCompile Include="Externals\Components\ComponentScore.cpp">
      <Filter>Source Files</Filter>
    </ClCompile>
    <ClCompile Include="Externals\Scenes\EndScene.cpp">
      <Filter>Source Files</Filter>
    </ClCompile>
  </ItemGroup>
  <ItemGroup>
    <ClInclude Include="Engine.h">
      <Filter>Header Files</Filter>
    </ClInclude>
    <ClInclude Include="Managers\RenderManager.h">
      <Filter>Header Files</Filter>
    </ClInclude>
    <ClInclude Include="Managers\SceneManager.h">
      <Filter>Header Files</Filter>
    </ClInclude>
    <ClInclude Include="Components\ComponentTransform.h">
      <Filter>Header Files</Filter>
    </ClInclude>
    <ClInclude Include="Messages\LoseComponentMessage.h">
      <Filter>Header Files</Filter>
    </ClInclude>
    <ClInclude Include="Messages\LoseEntityMessage.h">
      <Filter>Header Files</Filter>
    </ClInclude>
    <ClInclude Include="Messages\NewComponentMessage.h">
      <Filter>Header Files</Filter>
    </ClInclude>
    <ClInclude Include="Messages\NewEntityMessage.h">
      <Filter>Header Files</Filter>
    </ClInclude>
    <ClInclude Include="Messages\SaveComponentMessage.h">
      <Filter>Header Files</Filter>
    </ClInclude>
    <ClInclude Include="Messages\SaveEntityMessage.h">
      <Filter>Header Files</Filter>
    </ClInclude>
    <ClInclude Include="Objects\Entity.h">
      <Filter>Header Files</Filter>
    </ClInclude>
    <ClInclude Include="Objects\Texture.h">
      <Filter>Header Files</Filter>
    </ClInclude>
    <ClInclude Include="IO\Mouse.h">
      <Filter>Header Files</Filter>
    </ClInclude>
    <ClInclude Include="IO\Keyboard.h">
      <Filter>Header Files</Filter>
    </ClInclude>
    <ClInclude Include="Managers\ResourceManager.h">
      <Filter>Header Files</Filter>
    </ClInclude>
    <ClInclude Include="Managers\ComponentManager.h">
      <Filter>Header Files</Filter>
    </ClInclude>
    <ClInclude Include="Managers\EntityManager.h">
      <Filter>Header Files</Filter>
    </ClInclude>
    <ClInclude Include="Managers\Managers.h">
      <Filter>Header Files</Filter>
    </ClInclude>
    <ClInclude Include="Components\ComponentTexture.h">
      <Filter>Header Files</Filter>
    </ClInclude>
    <ClInclude Include="Objects\Geometry.h">
      <Filter>Header Files</Filter>
    </ClInclude>
    <ClInclude Include="Scenes\DefaultScene.h">
      <Filter>Header Files</Filter>
    </ClInclude>
    <ClInclude Include="Objects\Camera.h">
      <Filter>Header Files</Filter>
    </ClInclude>
    <ClInclude Include="Managers\MessageManager.h">
      <Filter>Header Files</Filter>
    </ClInclude>
    <ClInclude Include="Managers\SystemManager.h">
      <Filter>Header Files</Filter>
    </ClInclude>
    <ClInclude Include="Managers\CollisionManager.h">
      <Filter>Header Files</Filter>
    </ClInclude>
    <ClInclude Include="Interfaces\IResourceLoader.h">
      <Filter>Header Files</Filter>
    </ClInclude>
    <ClInclude Include="Interfaces\IResource.h">
      <Filter>Header Files</Filter>
    </ClInclude>
    <ClInclude Include="Interfaces\ICollisionDetector.h">
      <Filter>Header Files</Filter>
    </ClInclude>
    <ClInclude Include="Interfaces\ICollisionResponder.h">
      <Filter>Header Files</Filter>
    </ClInclude>
    <ClInclude Include="Interfaces\IGraphicsAPI.h">
      <Filter>Header Files</Filter>
    </ClInclude>
    <ClInclude Include="Interfaces\IRenderer.h">
      <Filter>Header Files</Filter>
    </ClInclude>
    <ClInclude Include="Interfaces\IComponent.h">
      <Filter>Header Files</Filter>
    </ClInclude>
    <ClInclude Include="Interfaces\IMessage.h">
      <Filter>Header Files</Filter>
    </ClInclude>
    <ClInclude Include="Interfaces\IShader.h">
      <Filter>Header Files</Filter>
    </ClInclude>
    <ClInclude Include="Interfaces\IBufferID.h">
      <Filter>Header Files</Filter>
    </ClInclude>
    <ClInclude Include="Interfaces\IScene.h">
      <Filter>Header Files</Filter>
    </ClInclude>
    <ClInclude Include="Interfaces\ISystem.h">
      <Filter>Header Files</Filter>
    </ClInclude>
    <ClInclude Include="Interfaces\ICollisionManifold.h">
      <Filter>Header Files</Filter>
    </ClInclude>
    <ClInclude Include="Externals\Components\ComponentPhysics.h">
      <Filter>Header Files</Filter>
    </ClInclude>
    <ClInclude Include="Externals\Systems\SystemPhysics.h">
      <Filter>Header Files</Filter>
    </ClInclude>
    <ClInclude Include="Externals\Scenes\TestScene.h">
      <Filter>Header Files</Filter>
    </ClInclude>
    <ClInclude Include="Externals\Buffers\GLBufferID.h">
      <Filter>Header Files</Filter>
    </ClInclude>
    <ClInclude Include="Externals\Assets\Shaders\ShaderGLSL.h">
      <Filter>Header Files</Filter>
    </ClInclude>
    <ClInclude Include="Externals\Implementations\ResourceLoader.h">
      <Filter>Header Files</Filter>
    </ClInclude>
    <ClInclude Include="Externals\Implementations\RendererGL.h">
      <Filter>Header Files</Filter>
    </ClInclude>
    <ClInclude Include="Externals\Implementations\OpenGLModel.h">
      <Filter>Header Files</Filter>
    </ClInclude>
    <ClInclude Include="Externals\Components\ComponentModelGL.h">
      <Filter>Header Files</Filter>
    </ClInclude>
    <ClInclude Include="Externals\Components\BasicGL.h">
      <Filter>Header Files</Filter>
    </ClInclude>
    <ClInclude Include="Interfaces\IModel.h">
      <Filter>Header Files</Filter>
    </ClInclude>
    <ClInclude Include="Externals\Implementations\CollisionDetector.h">
      <Filter>Header Files</Filter>
    </ClInclude>
    <ClInclude Include="Externals\Implementations\CollisionResponder.h">
      <Filter>Header Files</Filter>
    </ClInclude>
    <ClInclude Include="Externals\Components\ComponentBoxCollider.h">
      <Filter>Header Files</Filter>
    </ClInclude>
    <ClInclude Include="Externals\Components\ComponentSphereCollider.h">
      <Filter>Header Files</Filter>
    </ClInclude>
    <ClInclude Include="Externals\Implementations\CollisionManifold.h">
      <Filter>Header Files</Filter>
    </ClInclude>
    <ClInclude Include="Externals\Components\ComponentScore.h">
      <Filter>Header Files</Filter>
    </ClInclude>
    <ClInclude Include="Externals\Scenes\EndScene.h">
      <Filter>Header Files</Filter>
    </ClInclude>
  </ItemGroup>
  <ItemGroup>
    <None Include="Assets\Shaders\basic.v" />
    <None Include="Assets\Shaders\basic.f" />
  </ItemGroup>
</Project>